// !$*UTF8*$!
{
	archiveVersion = 1;
	classes = {
	};
	objectVersion = 48;
	objects = {

/* Begin PBXBuildFile section */
		1932501201FD6B79F58F0C44 /* Pods_Esperanta.framework in Frameworks */ = {isa = PBXBuildFile; fileRef = 6924F45779F7A29E196EF765 /* Pods_Esperanta.framework */; };
		71B15AFC30DCB1F2998C9066 /* Pods_EsperantaUITests.framework in Frameworks */ = {isa = PBXBuildFile; fileRef = A2D27B854BE8B4B7E675F4B3 /* Pods_EsperantaUITests.framework */; };
		78C63DB68F0E3C450FB59267 /* Pods_EsperantaTests.framework in Frameworks */ = {isa = PBXBuildFile; fileRef = 66AA0E554D81519CC8B929F9 /* Pods_EsperantaTests.framework */; };
		B225D2F21FB0DA6A00A4BB47 /* LoginVC+Firebase.swift in Sources */ = {isa = PBXBuildFile; fileRef = B225D2EF1FB0DA6A00A4BB47 /* LoginVC+Firebase.swift */; };
		B225D2F31FB0DA6A00A4BB47 /* LoginViewController.swift in Sources */ = {isa = PBXBuildFile; fileRef = B225D2F01FB0DA6A00A4BB47 /* LoginViewController.swift */; };
		B225D2F41FB0DA6A00A4BB47 /* EmailVerifyViewController.swift in Sources */ = {isa = PBXBuildFile; fileRef = B225D2F11FB0DA6A00A4BB47 /* EmailVerifyViewController.swift */; };
		B225D2F81FB0DB6A00A4BB47 /* UserManager.swift in Sources */ = {isa = PBXBuildFile; fileRef = B225D2F51FB0DB6900A4BB47 /* UserManager.swift */; };
		B225D2F91FB0DB6A00A4BB47 /* FirebaseDatabaseManager.swift in Sources */ = {isa = PBXBuildFile; fileRef = B225D2F61FB0DB6900A4BB47 /* FirebaseDatabaseManager.swift */; };
		B225D2FA1FB0DB6A00A4BB47 /* FirebaseStorageManager.swift in Sources */ = {isa = PBXBuildFile; fileRef = B225D2F71FB0DB6900A4BB47 /* FirebaseStorageManager.swift */; };
		B225D2FC1FB0DBB500A4BB47 /* UserData.swift in Sources */ = {isa = PBXBuildFile; fileRef = B225D2FB1FB0DBB500A4BB47 /* UserData.swift */; };
		B225D3001FB0E4E100A4BB47 /* PlacesViewController.swift in Sources */ = {isa = PBXBuildFile; fileRef = B225D2FF1FB0E4E100A4BB47 /* PlacesViewController.swift */; };
		B2BA394F1FAEDC8000B16362 /* AppDelegate.swift in Sources */ = {isa = PBXBuildFile; fileRef = B2BA394E1FAEDC8000B16362 /* AppDelegate.swift */; };
		B2BA39511FAEDC8000B16362 /* ChatListViewController.swift in Sources */ = {isa = PBXBuildFile; fileRef = B2BA39501FAEDC8000B16362 /* ChatListViewController.swift */; };
		B2BA39531FAEDC8000B16362 /* UserListViewController.swift in Sources */ = {isa = PBXBuildFile; fileRef = B2BA39521FAEDC8000B16362 /* UserListViewController.swift */; };
		B2BA39561FAEDC8000B16362 /* Main.storyboard in Resources */ = {isa = PBXBuildFile; fileRef = B2BA39541FAEDC8000B16362 /* Main.storyboard */; };
		B2BA39581FAEDC8000B16362 /* Assets.xcassets in Resources */ = {isa = PBXBuildFile; fileRef = B2BA39571FAEDC8000B16362 /* Assets.xcassets */; };
		B2BA395B1FAEDC8000B16362 /* LaunchScreen.storyboard in Resources */ = {isa = PBXBuildFile; fileRef = B2BA39591FAEDC8000B16362 /* LaunchScreen.storyboard */; };
		B2BA39661FAEDC8000B16362 /* EsperantaTests.swift in Sources */ = {isa = PBXBuildFile; fileRef = B2BA39651FAEDC8000B16362 /* EsperantaTests.swift */; };
		B2BA39711FAEDC8000B16362 /* EsperantaUITests.swift in Sources */ = {isa = PBXBuildFile; fileRef = B2BA39701FAEDC8000B16362 /* EsperantaUITests.swift */; };
		B2BA39821FAEF76600B16362 /* MainWrapperViewController.swift in Sources */ = {isa = PBXBuildFile; fileRef = B2BA39811FAEF76600B16362 /* MainWrapperViewController.swift */; };
		B2BA39841FAEF83D00B16362 /* SideViewController.swift in Sources */ = {isa = PBXBuildFile; fileRef = B2BA39831FAEF83D00B16362 /* SideViewController.swift */; };
		B2BA39861FAF002A00B16362 /* MainTabBarController.swift in Sources */ = {isa = PBXBuildFile; fileRef = B2BA39851FAF002A00B16362 /* MainTabBarController.swift */; };
		B2BA39881FAF017500B16362 /* SideMenu.swift in Sources */ = {isa = PBXBuildFile; fileRef = B2BA39871FAF017500B16362 /* SideMenu.swift */; };
		B2D49DE21FAF79F900C78B76 /* GoogleService-Info.plist in Resources */ = {isa = PBXBuildFile; fileRef = B2D49DE11FAF79F900C78B76 /* GoogleService-Info.plist */; };
		B2D49DE51FAF7C4900C78B76 /* Background.png in Resources */ = {isa = PBXBuildFile; fileRef = B2D49DE31FAF7C4800C78B76 /* Background.png */; };
		B2D49DE61FAF7C4900C78B76 /* orangeButton.png in Resources */ = {isa = PBXBuildFile; fileRef = B2D49DE41FAF7C4900C78B76 /* orangeButton.png */; };
		B2D49DF31FAF7EF400C78B76 /* TypeAliesies.swift in Sources */ = {isa = PBXBuildFile; fileRef = B2D49DF21FAF7EF400C78B76 /* TypeAliesies.swift */; };
		B2D49DF61FAF7F6500C78B76 /* UIKit + Extensions.swift in Sources */ = {isa = PBXBuildFile; fileRef = B2D49DF51FAF7F6500C78B76 /* UIKit + Extensions.swift */; };
		B2D49E001FAF8C0A00C78B76 /* ChatViewController.swift in Sources */ = {isa = PBXBuildFile; fileRef = B2D49DFE1FAF8C0A00C78B76 /* ChatViewController.swift */; };
/* End PBXBuildFile section */

/* Begin PBXContainerItemProxy section */
		B2BA39621FAEDC8000B16362 /* PBXContainerItemProxy */ = {
			isa = PBXContainerItemProxy;
			containerPortal = B2BA39431FAEDC8000B16362 /* Project object */;
			proxyType = 1;
			remoteGlobalIDString = B2BA394A1FAEDC8000B16362;
			remoteInfo = Esperanta;
		};
		B2BA396D1FAEDC8000B16362 /* PBXContainerItemProxy */ = {
			isa = PBXContainerItemProxy;
			containerPortal = B2BA39431FAEDC8000B16362 /* Project object */;
			proxyType = 1;
			remoteGlobalIDString = B2BA394A1FAEDC8000B16362;
			remoteInfo = Esperanta;
		};
/* End PBXContainerItemProxy section */

/* Begin PBXFileReference section */
		206720F146D357131994B08E /* Pods-EsperantaTests.debug.xcconfig */ = {isa = PBXFileReference; includeInIndex = 1; lastKnownFileType = text.xcconfig; name = "Pods-EsperantaTests.debug.xcconfig"; path = "Pods/Target Support Files/Pods-EsperantaTests/Pods-EsperantaTests.debug.xcconfig"; sourceTree = "<group>"; };
		2FBFFA53513CE0D012460B60 /* Pods-Esperanta.release.xcconfig */ = {isa = PBXFileReference; includeInIndex = 1; lastKnownFileType = text.xcconfig; name = "Pods-Esperanta.release.xcconfig"; path = "Pods/Target Support Files/Pods-Esperanta/Pods-Esperanta.release.xcconfig"; sourceTree = "<group>"; };
		66AA0E554D81519CC8B929F9 /* Pods_EsperantaTests.framework */ = {isa = PBXFileReference; explicitFileType = wrapper.framework; includeInIndex = 0; path = Pods_EsperantaTests.framework; sourceTree = BUILT_PRODUCTS_DIR; };
		6924F45779F7A29E196EF765 /* Pods_Esperanta.framework */ = {isa = PBXFileReference; explicitFileType = wrapper.framework; includeInIndex = 0; path = Pods_Esperanta.framework; sourceTree = BUILT_PRODUCTS_DIR; };
		6D1F4405FE87C78271D3C0B7 /* Pods-EsperantaTests.release.xcconfig */ = {isa = PBXFileReference; includeInIndex = 1; lastKnownFileType = text.xcconfig; name = "Pods-EsperantaTests.release.xcconfig"; path = "Pods/Target Support Files/Pods-EsperantaTests/Pods-EsperantaTests.release.xcconfig"; sourceTree = "<group>"; };
		A2D27B854BE8B4B7E675F4B3 /* Pods_EsperantaUITests.framework */ = {isa = PBXFileReference; explicitFileType = wrapper.framework; includeInIndex = 0; path = Pods_EsperantaUITests.framework; sourceTree = BUILT_PRODUCTS_DIR; };
		B225D2EF1FB0DA6A00A4BB47 /* LoginVC+Firebase.swift */ = {isa = PBXFileReference; fileEncoding = 4; lastKnownFileType = sourcecode.swift; path = "LoginVC+Firebase.swift"; sourceTree = "<group>"; };
		B225D2F01FB0DA6A00A4BB47 /* LoginViewController.swift */ = {isa = PBXFileReference; fileEncoding = 4; lastKnownFileType = sourcecode.swift; path = LoginViewController.swift; sourceTree = "<group>"; };
		B225D2F11FB0DA6A00A4BB47 /* EmailVerifyViewController.swift */ = {isa = PBXFileReference; fileEncoding = 4; lastKnownFileType = sourcecode.swift; path = EmailVerifyViewController.swift; sourceTree = "<group>"; };
		B225D2F51FB0DB6900A4BB47 /* UserManager.swift */ = {isa = PBXFileReference; fileEncoding = 4; lastKnownFileType = sourcecode.swift; path = UserManager.swift; sourceTree = "<group>"; };
		B225D2F61FB0DB6900A4BB47 /* FirebaseDatabaseManager.swift */ = {isa = PBXFileReference; fileEncoding = 4; lastKnownFileType = sourcecode.swift; path = FirebaseDatabaseManager.swift; sourceTree = "<group>"; };
		B225D2F71FB0DB6900A4BB47 /* FirebaseStorageManager.swift */ = {isa = PBXFileReference; fileEncoding = 4; lastKnownFileType = sourcecode.swift; path = FirebaseStorageManager.swift; sourceTree = "<group>"; };
		B225D2FB1FB0DBB500A4BB47 /* UserData.swift */ = {isa = PBXFileReference; fileEncoding = 4; lastKnownFileType = sourcecode.swift; path = UserData.swift; sourceTree = "<group>"; };
		B225D2FF1FB0E4E100A4BB47 /* PlacesViewController.swift */ = {isa = PBXFileReference; lastKnownFileType = sourcecode.swift; path = PlacesViewController.swift; sourceTree = "<group>"; };
		B2BA394B1FAEDC8000B16362 /* Esperanta.app */ = {isa = PBXFileReference; explicitFileType = wrapper.application; includeInIndex = 0; path = Esperanta.app; sourceTree = BUILT_PRODUCTS_DIR; };
		B2BA394E1FAEDC8000B16362 /* AppDelegate.swift */ = {isa = PBXFileReference; lastKnownFileType = sourcecode.swift; path = AppDelegate.swift; sourceTree = "<group>"; };
		B2BA39501FAEDC8000B16362 /* ChatListViewController.swift */ = {isa = PBXFileReference; lastKnownFileType = sourcecode.swift; path = ChatListViewController.swift; sourceTree = "<group>"; };
		B2BA39521FAEDC8000B16362 /* UserListViewController.swift */ = {isa = PBXFileReference; lastKnownFileType = sourcecode.swift; path = UserListViewController.swift; sourceTree = "<group>"; };
		B2BA39551FAEDC8000B16362 /* Base */ = {isa = PBXFileReference; lastKnownFileType = file.storyboard; name = Base; path = Base.lproj/Main.storyboard; sourceTree = "<group>"; };
		B2BA39571FAEDC8000B16362 /* Assets.xcassets */ = {isa = PBXFileReference; lastKnownFileType = folder.assetcatalog; path = Assets.xcassets; sourceTree = "<group>"; };
		B2BA395A1FAEDC8000B16362 /* Base */ = {isa = PBXFileReference; lastKnownFileType = file.storyboard; name = Base; path = Base.lproj/LaunchScreen.storyboard; sourceTree = "<group>"; };
		B2BA395C1FAEDC8000B16362 /* Info.plist */ = {isa = PBXFileReference; lastKnownFileType = text.plist.xml; path = Info.plist; sourceTree = "<group>"; };
		B2BA39611FAEDC8000B16362 /* EsperantaTests.xctest */ = {isa = PBXFileReference; explicitFileType = wrapper.cfbundle; includeInIndex = 0; path = EsperantaTests.xctest; sourceTree = BUILT_PRODUCTS_DIR; };
		B2BA39651FAEDC8000B16362 /* EsperantaTests.swift */ = {isa = PBXFileReference; lastKnownFileType = sourcecode.swift; path = EsperantaTests.swift; sourceTree = "<group>"; };
		B2BA39671FAEDC8000B16362 /* Info.plist */ = {isa = PBXFileReference; lastKnownFileType = text.plist.xml; path = Info.plist; sourceTree = "<group>"; };
		B2BA396C1FAEDC8000B16362 /* EsperantaUITests.xctest */ = {isa = PBXFileReference; explicitFileType = wrapper.cfbundle; includeInIndex = 0; path = EsperantaUITests.xctest; sourceTree = BUILT_PRODUCTS_DIR; };
		B2BA39701FAEDC8000B16362 /* EsperantaUITests.swift */ = {isa = PBXFileReference; lastKnownFileType = sourcecode.swift; path = EsperantaUITests.swift; sourceTree = "<group>"; };
		B2BA39721FAEDC8000B16362 /* Info.plist */ = {isa = PBXFileReference; lastKnownFileType = text.plist.xml; path = Info.plist; sourceTree = "<group>"; };
		B2BA39811FAEF76600B16362 /* MainWrapperViewController.swift */ = {isa = PBXFileReference; lastKnownFileType = sourcecode.swift; path = MainWrapperViewController.swift; sourceTree = "<group>"; };
		B2BA39831FAEF83D00B16362 /* SideViewController.swift */ = {isa = PBXFileReference; lastKnownFileType = sourcecode.swift; path = SideViewController.swift; sourceTree = "<group>"; };
		B2BA39851FAF002A00B16362 /* MainTabBarController.swift */ = {isa = PBXFileReference; lastKnownFileType = sourcecode.swift; path = MainTabBarController.swift; sourceTree = "<group>"; };
		B2BA39871FAF017500B16362 /* SideMenu.swift */ = {isa = PBXFileReference; lastKnownFileType = sourcecode.swift; path = SideMenu.swift; sourceTree = "<group>"; };
		B2D49DE11FAF79F900C78B76 /* GoogleService-Info.plist */ = {isa = PBXFileReference; fileEncoding = 4; lastKnownFileType = text.plist.xml; path = "GoogleService-Info.plist"; sourceTree = "<group>"; };
		B2D49DE31FAF7C4800C78B76 /* Background.png */ = {isa = PBXFileReference; lastKnownFileType = image.png; path = Background.png; sourceTree = "<group>"; };
		B2D49DE41FAF7C4900C78B76 /* orangeButton.png */ = {isa = PBXFileReference; lastKnownFileType = image.png; path = orangeButton.png; sourceTree = "<group>"; };
		B2D49DF21FAF7EF400C78B76 /* TypeAliesies.swift */ = {isa = PBXFileReference; lastKnownFileType = sourcecode.swift; path = TypeAliesies.swift; sourceTree = "<group>"; };
		B2D49DF51FAF7F6500C78B76 /* UIKit + Extensions.swift */ = {isa = PBXFileReference; lastKnownFileType = sourcecode.swift; path = "UIKit + Extensions.swift"; sourceTree = "<group>"; };
		B2D49DFE1FAF8C0A00C78B76 /* ChatViewController.swift */ = {isa = PBXFileReference; fileEncoding = 4; lastKnownFileType = sourcecode.swift; path = ChatViewController.swift; sourceTree = "<group>"; };
		B2D4A46E1FAFA82E00AD60AE /* Esperanta-Bridging-Header.h */ = {isa = PBXFileReference; lastKnownFileType = sourcecode.c.h; path = "Esperanta-Bridging-Header.h"; sourceTree = "<group>"; };
		E306CEE96F8B1D092981154B /* Pods-EsperantaUITests.debug.xcconfig */ = {isa = PBXFileReference; includeInIndex = 1; lastKnownFileType = text.xcconfig; name = "Pods-EsperantaUITests.debug.xcconfig"; path = "Pods/Target Support Files/Pods-EsperantaUITests/Pods-EsperantaUITests.debug.xcconfig"; sourceTree = "<group>"; };
		F1FACA0D3CE849F9365BCA81 /* Pods-EsperantaUITests.release.xcconfig */ = {isa = PBXFileReference; includeInIndex = 1; lastKnownFileType = text.xcconfig; name = "Pods-EsperantaUITests.release.xcconfig"; path = "Pods/Target Support Files/Pods-EsperantaUITests/Pods-EsperantaUITests.release.xcconfig"; sourceTree = "<group>"; };
		F470559A85D8E0D803F9985A /* Pods-Esperanta.debug.xcconfig */ = {isa = PBXFileReference; includeInIndex = 1; lastKnownFileType = text.xcconfig; name = "Pods-Esperanta.debug.xcconfig"; path = "Pods/Target Support Files/Pods-Esperanta/Pods-Esperanta.debug.xcconfig"; sourceTree = "<group>"; };
/* End PBXFileReference section */

/* Begin PBXFrameworksBuildPhase section */
		B2BA39481FAEDC8000B16362 /* Frameworks */ = {
			isa = PBXFrameworksBuildPhase;
			buildActionMask = 2147483647;
			files = (
				1932501201FD6B79F58F0C44 /* Pods_Esperanta.framework in Frameworks */,
			);
			runOnlyForDeploymentPostprocessing = 0;
		};
		B2BA395E1FAEDC8000B16362 /* Frameworks */ = {
			isa = PBXFrameworksBuildPhase;
			buildActionMask = 2147483647;
			files = (
				78C63DB68F0E3C450FB59267 /* Pods_EsperantaTests.framework in Frameworks */,
			);
			runOnlyForDeploymentPostprocessing = 0;
		};
		B2BA39691FAEDC8000B16362 /* Frameworks */ = {
			isa = PBXFrameworksBuildPhase;
			buildActionMask = 2147483647;
			files = (
				71B15AFC30DCB1F2998C9066 /* Pods_EsperantaUITests.framework in Frameworks */,
			);
			runOnlyForDeploymentPostprocessing = 0;
		};
/* End PBXFrameworksBuildPhase section */

/* Begin PBXGroup section */
		78A62C7A03BFB1B1D33CB581 /* Frameworks */ = {
			isa = PBXGroup;
			children = (
				6924F45779F7A29E196EF765 /* Pods_Esperanta.framework */,
				66AA0E554D81519CC8B929F9 /* Pods_EsperantaTests.framework */,
				A2D27B854BE8B4B7E675F4B3 /* Pods_EsperantaUITests.framework */,
			);
			name = Frameworks;
			sourceTree = "<group>";
		};
		B225D2FD1FB0E49400A4BB47 /* Chat */ = {
			isa = PBXGroup;
			children = (
				B2BA39501FAEDC8000B16362 /* ChatListViewController.swift */,
				B2D49DFE1FAF8C0A00C78B76 /* ChatViewController.swift */,
			);
			path = Chat;
			sourceTree = "<group>";
		};
		B225D2FE1FB0E4C700A4BB47 /* UserList */ = {
			isa = PBXGroup;
			children = (
				B2BA39521FAEDC8000B16362 /* UserListViewController.swift */,
			);
			path = UserList;
			sourceTree = "<group>";
		};
		B225D3011FB0E4EF00A4BB47 /* Places */ = {
			isa = PBXGroup;
			children = (
				B225D2FF1FB0E4E100A4BB47 /* PlacesViewController.swift */,
			);
			path = Places;
			sourceTree = "<group>";
		};
		B2BA39421FAEDC8000B16362 = {
			isa = PBXGroup;
			children = (
				B2BA394D1FAEDC8000B16362 /* Esperanta */,
				B2BA39641FAEDC8000B16362 /* EsperantaTests */,
				B2BA396F1FAEDC8000B16362 /* EsperantaUITests */,
				B2BA394C1FAEDC8000B16362 /* Products */,
				B8C45531EEB1FFA256C0EA44 /* Pods */,
				78A62C7A03BFB1B1D33CB581 /* Frameworks */,
			);
			sourceTree = "<group>";
		};
		B2BA394C1FAEDC8000B16362 /* Products */ = {
			isa = PBXGroup;
			children = (
				B2BA394B1FAEDC8000B16362 /* Esperanta.app */,
				B2BA39611FAEDC8000B16362 /* EsperantaTests.xctest */,
				B2BA396C1FAEDC8000B16362 /* EsperantaUITests.xctest */,
			);
			name = Products;
			sourceTree = "<group>";
		};
		B2BA394D1FAEDC8000B16362 /* Esperanta */ = {
			isa = PBXGroup;
			children = (
				B225D2FB1FB0DBB500A4BB47 /* UserData.swift */,
				B2D49DF41FAF7F2C00C78B76 /* Helpers */,
				B2D49DEE1FAF7E8300C78B76 /* Managers */,
				B2BA39801FAEEF1D00B16362 /* Resources */,
				B2BA397F1FAEEED900B16362 /* View */,
				B2BA397E1FAEEED100B16362 /* Controller */,
				B2BA394E1FAEDC8000B16362 /* AppDelegate.swift */,
				B2BA39541FAEDC8000B16362 /* Main.storyboard */,
				B2BA39591FAEDC8000B16362 /* LaunchScreen.storyboard */,
				B2BA395C1FAEDC8000B16362 /* Info.plist */,
				B2D49DE11FAF79F900C78B76 /* GoogleService-Info.plist */,
				B2D4A46E1FAFA82E00AD60AE /* Esperanta-Bridging-Header.h */,
			);
			path = Esperanta;
			sourceTree = "<group>";
		};
		B2BA39641FAEDC8000B16362 /* EsperantaTests */ = {
			isa = PBXGroup;
			children = (
				B2BA39651FAEDC8000B16362 /* EsperantaTests.swift */,
				B2BA39671FAEDC8000B16362 /* Info.plist */,
			);
			path = EsperantaTests;
			sourceTree = "<group>";
		};
		B2BA396F1FAEDC8000B16362 /* EsperantaUITests */ = {
			isa = PBXGroup;
			children = (
				B2BA39701FAEDC8000B16362 /* EsperantaUITests.swift */,
				B2BA39721FAEDC8000B16362 /* Info.plist */,
			);
			path = EsperantaUITests;
			sourceTree = "<group>";
		};
		B2BA397E1FAEEED100B16362 /* Controller */ = {
			isa = PBXGroup;
			children = (
				B2D49DE71FAF7CA100C78B76 /* Login */,
				B225D2FD1FB0E49400A4BB47 /* Chat */,
				B225D2FE1FB0E4C700A4BB47 /* UserList */,
				B225D3011FB0E4EF00A4BB47 /* Places */,
				B2BA39811FAEF76600B16362 /* MainWrapperViewController.swift */,
				B2BA39831FAEF83D00B16362 /* SideViewController.swift */,
				B2BA39851FAF002A00B16362 /* MainTabBarController.swift */,
				B2BA39871FAF017500B16362 /* SideMenu.swift */,
			);
			path = Controller;
			sourceTree = "<group>";
		};
		B2BA397F1FAEEED900B16362 /* View */ = {
			isa = PBXGroup;
			children = (
			);
			path = View;
			sourceTree = "<group>";
		};
		B2BA39801FAEEF1D00B16362 /* Resources */ = {
			isa = PBXGroup;
			children = (
				B2BA39571FAEDC8000B16362 /* Assets.xcassets */,
				B2D49DE31FAF7C4800C78B76 /* Background.png */,
				B2D49DE41FAF7C4900C78B76 /* orangeButton.png */,
			);
			path = Resources;
			sourceTree = "<group>";
		};
		B2D49DE71FAF7CA100C78B76 /* Login */ = {
			isa = PBXGroup;
			children = (
				B225D2F11FB0DA6A00A4BB47 /* EmailVerifyViewController.swift */,
				B225D2EF1FB0DA6A00A4BB47 /* LoginVC+Firebase.swift */,
				B225D2F01FB0DA6A00A4BB47 /* LoginViewController.swift */,
			);
			path = Login;
			sourceTree = "<group>";
		};
		B2D49DEE1FAF7E8300C78B76 /* Managers */ = {
			isa = PBXGroup;
			children = (
				B225D2F61FB0DB6900A4BB47 /* FirebaseDatabaseManager.swift */,
				B225D2F71FB0DB6900A4BB47 /* FirebaseStorageManager.swift */,
				B225D2F51FB0DB6900A4BB47 /* UserManager.swift */,
			);
			path = Managers;
			sourceTree = "<group>";
		};
		B2D49DF11FAF7EAA00C78B76 /* Aliases */ = {
			isa = PBXGroup;
			children = (
				B2D49DF21FAF7EF400C78B76 /* TypeAliesies.swift */,
			);
			path = Aliases;
			sourceTree = "<group>";
		};
		B2D49DF41FAF7F2C00C78B76 /* Helpers */ = {
			isa = PBXGroup;
			children = (
				B2D49DF11FAF7EAA00C78B76 /* Aliases */,
				B2D49DF51FAF7F6500C78B76 /* UIKit + Extensions.swift */,
			);
			path = Helpers;
			sourceTree = "<group>";
		};
		B8C45531EEB1FFA256C0EA44 /* Pods */ = {
			isa = PBXGroup;
			children = (
				F470559A85D8E0D803F9985A /* Pods-Esperanta.debug.xcconfig */,
				2FBFFA53513CE0D012460B60 /* Pods-Esperanta.release.xcconfig */,
				206720F146D357131994B08E /* Pods-EsperantaTests.debug.xcconfig */,
				6D1F4405FE87C78271D3C0B7 /* Pods-EsperantaTests.release.xcconfig */,
				E306CEE96F8B1D092981154B /* Pods-EsperantaUITests.debug.xcconfig */,
				F1FACA0D3CE849F9365BCA81 /* Pods-EsperantaUITests.release.xcconfig */,
			);
			name = Pods;
			sourceTree = "<group>";
		};
/* End PBXGroup section */

/* Begin PBXNativeTarget section */
		B2BA394A1FAEDC8000B16362 /* Esperanta */ = {
			isa = PBXNativeTarget;
			buildConfigurationList = B2BA39751FAEDC8000B16362 /* Build configuration list for PBXNativeTarget "Esperanta" */;
			buildPhases = (
				296413154B65B6DB86401C36 /* [CP] Check Pods Manifest.lock */,
				B2BA39471FAEDC8000B16362 /* Sources */,
				B2BA39481FAEDC8000B16362 /* Frameworks */,
				B2BA39491FAEDC8000B16362 /* Resources */,
				7384B648EE5C41E88AAB8688 /* [CP] Embed Pods Frameworks */,
				0A441CB8064A3439DA6EE6B9 /* [CP] Copy Pods Resources */,
			);
			buildRules = (
			);
			dependencies = (
			);
			name = Esperanta;
			productName = Esperanta;
			productReference = B2BA394B1FAEDC8000B16362 /* Esperanta.app */;
			productType = "com.apple.product-type.application";
		};
		B2BA39601FAEDC8000B16362 /* EsperantaTests */ = {
			isa = PBXNativeTarget;
			buildConfigurationList = B2BA39781FAEDC8000B16362 /* Build configuration list for PBXNativeTarget "EsperantaTests" */;
			buildPhases = (
				20CF074D4AD1C0AA947FA999 /* [CP] Check Pods Manifest.lock */,
				B2BA395D1FAEDC8000B16362 /* Sources */,
				B2BA395E1FAEDC8000B16362 /* Frameworks */,
				B2BA395F1FAEDC8000B16362 /* Resources */,
				98EF0D6408090A4ED6EB67E9 /* [CP] Embed Pods Frameworks */,
				FBA34D3322EA75BDB4213E81 /* [CP] Copy Pods Resources */,
			);
			buildRules = (
			);
			dependencies = (
				B2BA39631FAEDC8000B16362 /* PBXTargetDependency */,
			);
			name = EsperantaTests;
			productName = EsperantaTests;
			productReference = B2BA39611FAEDC8000B16362 /* EsperantaTests.xctest */;
			productType = "com.apple.product-type.bundle.unit-test";
		};
		B2BA396B1FAEDC8000B16362 /* EsperantaUITests */ = {
			isa = PBXNativeTarget;
			buildConfigurationList = B2BA397B1FAEDC8000B16362 /* Build configuration list for PBXNativeTarget "EsperantaUITests" */;
			buildPhases = (
				9AF6AB943F1484FBDCDD76F8 /* [CP] Check Pods Manifest.lock */,
				B2BA39681FAEDC8000B16362 /* Sources */,
				B2BA39691FAEDC8000B16362 /* Frameworks */,
				B2BA396A1FAEDC8000B16362 /* Resources */,
				5476699F0AA76E544AE90082 /* [CP] Embed Pods Frameworks */,
				E6695062FB21AD1F8424D8DA /* [CP] Copy Pods Resources */,
			);
			buildRules = (
			);
			dependencies = (
				B2BA396E1FAEDC8000B16362 /* PBXTargetDependency */,
			);
			name = EsperantaUITests;
			productName = EsperantaUITests;
			productReference = B2BA396C1FAEDC8000B16362 /* EsperantaUITests.xctest */;
			productType = "com.apple.product-type.bundle.ui-testing";
		};
/* End PBXNativeTarget section */

/* Begin PBXProject section */
		B2BA39431FAEDC8000B16362 /* Project object */ = {
			isa = PBXProject;
			attributes = {
				LastSwiftUpdateCheck = 0910;
				LastUpgradeCheck = 0910;
				ORGANIZATIONNAME = mesrop;
				TargetAttributes = {
					B2BA394A1FAEDC8000B16362 = {
						CreatedOnToolsVersion = 9.1;
						ProvisioningStyle = Automatic;
					};
					B2BA39601FAEDC8000B16362 = {
						CreatedOnToolsVersion = 9.1;
						ProvisioningStyle = Automatic;
						TestTargetID = B2BA394A1FAEDC8000B16362;
					};
					B2BA396B1FAEDC8000B16362 = {
						CreatedOnToolsVersion = 9.1;
						ProvisioningStyle = Automatic;
						TestTargetID = B2BA394A1FAEDC8000B16362;
					};
				};
			};
			buildConfigurationList = B2BA39461FAEDC8000B16362 /* Build configuration list for PBXProject "Esperanta" */;
			compatibilityVersion = "Xcode 8.0";
			developmentRegion = en;
			hasScannedForEncodings = 0;
			knownRegions = (
				en,
				Base,
			);
			mainGroup = B2BA39421FAEDC8000B16362;
			productRefGroup = B2BA394C1FAEDC8000B16362 /* Products */;
			projectDirPath = "";
			projectRoot = "";
			targets = (
				B2BA394A1FAEDC8000B16362 /* Esperanta */,
				B2BA39601FAEDC8000B16362 /* EsperantaTests */,
				B2BA396B1FAEDC8000B16362 /* EsperantaUITests */,
			);
		};
/* End PBXProject section */

/* Begin PBXResourcesBuildPhase section */
		B2BA39491FAEDC8000B16362 /* Resources */ = {
			isa = PBXResourcesBuildPhase;
			buildActionMask = 2147483647;
			files = (
				B2BA395B1FAEDC8000B16362 /* LaunchScreen.storyboard in Resources */,
				B2D49DE21FAF79F900C78B76 /* GoogleService-Info.plist in Resources */,
				B2D49DE51FAF7C4900C78B76 /* Background.png in Resources */,
				B2BA39581FAEDC8000B16362 /* Assets.xcassets in Resources */,
				B2BA39561FAEDC8000B16362 /* Main.storyboard in Resources */,
				B2D49DE61FAF7C4900C78B76 /* orangeButton.png in Resources */,
			);
			runOnlyForDeploymentPostprocessing = 0;
		};
		B2BA395F1FAEDC8000B16362 /* Resources */ = {
			isa = PBXResourcesBuildPhase;
			buildActionMask = 2147483647;
			files = (
			);
			runOnlyForDeploymentPostprocessing = 0;
		};
		B2BA396A1FAEDC8000B16362 /* Resources */ = {
			isa = PBXResourcesBuildPhase;
			buildActionMask = 2147483647;
			files = (
			);
			runOnlyForDeploymentPostprocessing = 0;
		};
/* End PBXResourcesBuildPhase section */

/* Begin PBXShellScriptBuildPhase section */
		0A441CB8064A3439DA6EE6B9 /* [CP] Copy Pods Resources */ = {
			isa = PBXShellScriptBuildPhase;
			buildActionMask = 2147483647;
			files = (
			);
			inputPaths = (
			);
			name = "[CP] Copy Pods Resources";
			outputPaths = (
			);
			runOnlyForDeploymentPostprocessing = 0;
			shellPath = /bin/sh;
			shellScript = "\"${SRCROOT}/Pods/Target Support Files/Pods-Esperanta/Pods-Esperanta-resources.sh\"\n";
			showEnvVarsInLog = 0;
		};
		20CF074D4AD1C0AA947FA999 /* [CP] Check Pods Manifest.lock */ = {
			isa = PBXShellScriptBuildPhase;
			buildActionMask = 2147483647;
			files = (
			);
			inputPaths = (
				"${PODS_PODFILE_DIR_PATH}/Podfile.lock",
				"${PODS_ROOT}/Manifest.lock",
			);
			name = "[CP] Check Pods Manifest.lock";
			outputPaths = (
				"$(DERIVED_FILE_DIR)/Pods-EsperantaTests-checkManifestLockResult.txt",
			);
			runOnlyForDeploymentPostprocessing = 0;
			shellPath = /bin/sh;
			shellScript = "diff \"${PODS_PODFILE_DIR_PATH}/Podfile.lock\" \"${PODS_ROOT}/Manifest.lock\" > /dev/null\nif [ $? != 0 ] ; then\n    # print error to STDERR\n    echo \"error: The sandbox is not in sync with the Podfile.lock. Run 'pod install' or update your CocoaPods installation.\" >&2\n    exit 1\nfi\n# This output is used by Xcode 'outputs' to avoid re-running this script phase.\necho \"SUCCESS\" > \"${SCRIPT_OUTPUT_FILE_0}\"\n";
			showEnvVarsInLog = 0;
		};
		296413154B65B6DB86401C36 /* [CP] Check Pods Manifest.lock */ = {
			isa = PBXShellScriptBuildPhase;
			buildActionMask = 2147483647;
			files = (
			);
			inputPaths = (
				"${PODS_PODFILE_DIR_PATH}/Podfile.lock",
				"${PODS_ROOT}/Manifest.lock",
			);
			name = "[CP] Check Pods Manifest.lock";
			outputPaths = (
				"$(DERIVED_FILE_DIR)/Pods-Esperanta-checkManifestLockResult.txt",
			);
			runOnlyForDeploymentPostprocessing = 0;
			shellPath = /bin/sh;
			shellScript = "diff \"${PODS_PODFILE_DIR_PATH}/Podfile.lock\" \"${PODS_ROOT}/Manifest.lock\" > /dev/null\nif [ $? != 0 ] ; then\n    # print error to STDERR\n    echo \"error: The sandbox is not in sync with the Podfile.lock. Run 'pod install' or update your CocoaPods installation.\" >&2\n    exit 1\nfi\n# This output is used by Xcode 'outputs' to avoid re-running this script phase.\necho \"SUCCESS\" > \"${SCRIPT_OUTPUT_FILE_0}\"\n";
			showEnvVarsInLog = 0;
		};
		5476699F0AA76E544AE90082 /* [CP] Embed Pods Frameworks */ = {
			isa = PBXShellScriptBuildPhase;
			buildActionMask = 2147483647;
			files = (
			);
			inputPaths = (
			);
			name = "[CP] Embed Pods Frameworks";
			outputPaths = (
			);
			runOnlyForDeploymentPostprocessing = 0;
			shellPath = /bin/sh;
			shellScript = "\"${SRCROOT}/Pods/Target Support Files/Pods-EsperantaUITests/Pods-EsperantaUITests-frameworks.sh\"\n";
			showEnvVarsInLog = 0;
		};
		7384B648EE5C41E88AAB8688 /* [CP] Embed Pods Frameworks */ = {
			isa = PBXShellScriptBuildPhase;
			buildActionMask = 2147483647;
			files = (
			);
			inputPaths = (
				"${SRCROOT}/Pods/Target Support Files/Pods-Esperanta/Pods-Esperanta-frameworks.sh",
				"${BUILT_PRODUCTS_DIR}/APESuperHUD/APESuperHUD.framework",
				"${BUILT_PRODUCTS_DIR}/Bolts/Bolts.framework",
				"${BUILT_PRODUCTS_DIR}/FBSDKCoreKit/FBSDKCoreKit.framework",
				"${BUILT_PRODUCTS_DIR}/FBSDKLoginKit/FBSDKLoginKit.framework",
				"${BUILT_PRODUCTS_DIR}/GTMSessionFetcher/GTMSessionFetcher.framework",
				"${BUILT_PRODUCTS_DIR}/GoogleToolboxForMac/GoogleToolboxForMac.framework",
				"${BUILT_PRODUCTS_DIR}/JSQMessagesViewController/JSQMessagesViewController.framework",
				"${BUILT_PRODUCTS_DIR}/JSQSystemSoundPlayer/JSQSystemSoundPlayer.framework",
				"${BUILT_PRODUCTS_DIR}/SDWebImage/SDWebImage.framework",
				"${BUILT_PRODUCTS_DIR}/leveldb-library/leveldb.framework",
				"${BUILT_PRODUCTS_DIR}/nanopb/nanopb.framework",
			);
			name = "[CP] Embed Pods Frameworks";
			outputPaths = (
				"${TARGET_BUILD_DIR}/${FRAMEWORKS_FOLDER_PATH}/APESuperHUD.framework",
				"${TARGET_BUILD_DIR}/${FRAMEWORKS_FOLDER_PATH}/Bolts.framework",
				"${TARGET_BUILD_DIR}/${FRAMEWORKS_FOLDER_PATH}/FBSDKCoreKit.framework",
				"${TARGET_BUILD_DIR}/${FRAMEWORKS_FOLDER_PATH}/FBSDKLoginKit.framework",
				"${TARGET_BUILD_DIR}/${FRAMEWORKS_FOLDER_PATH}/GTMSessionFetcher.framework",
				"${TARGET_BUILD_DIR}/${FRAMEWORKS_FOLDER_PATH}/GoogleToolboxForMac.framework",
				"${TARGET_BUILD_DIR}/${FRAMEWORKS_FOLDER_PATH}/JSQMessagesViewController.framework",
				"${TARGET_BUILD_DIR}/${FRAMEWORKS_FOLDER_PATH}/JSQSystemSoundPlayer.framework",
				"${TARGET_BUILD_DIR}/${FRAMEWORKS_FOLDER_PATH}/SDWebImage.framework",
				"${TARGET_BUILD_DIR}/${FRAMEWORKS_FOLDER_PATH}/leveldb.framework",
				"${TARGET_BUILD_DIR}/${FRAMEWORKS_FOLDER_PATH}/nanopb.framework",
			);
			runOnlyForDeploymentPostprocessing = 0;
			shellPath = /bin/sh;
			shellScript = "\"${SRCROOT}/Pods/Target Support Files/Pods-Esperanta/Pods-Esperanta-frameworks.sh\"\n";
			showEnvVarsInLog = 0;
		};
		98EF0D6408090A4ED6EB67E9 /* [CP] Embed Pods Frameworks */ = {
			isa = PBXShellScriptBuildPhase;
			buildActionMask = 2147483647;
			files = (
			);
			inputPaths = (
			);
			name = "[CP] Embed Pods Frameworks";
			outputPaths = (
			);
			runOnlyForDeploymentPostprocessing = 0;
			shellPath = /bin/sh;
			shellScript = "\"${SRCROOT}/Pods/Target Support Files/Pods-EsperantaTests/Pods-EsperantaTests-frameworks.sh\"\n";
			showEnvVarsInLog = 0;
		};
		9AF6AB943F1484FBDCDD76F8 /* [CP] Check Pods Manifest.lock */ = {
			isa = PBXShellScriptBuildPhase;
			buildActionMask = 2147483647;
			files = (
			);
			inputPaths = (
				"${PODS_PODFILE_DIR_PATH}/Podfile.lock",
				"${PODS_ROOT}/Manifest.lock",
			);
			name = "[CP] Check Pods Manifest.lock";
			outputPaths = (
				"$(DERIVED_FILE_DIR)/Pods-EsperantaUITests-checkManifestLockResult.txt",
			);
			runOnlyForDeploymentPostprocessing = 0;
			shellPath = /bin/sh;
			shellScript = "diff \"${PODS_PODFILE_DIR_PATH}/Podfile.lock\" \"${PODS_ROOT}/Manifest.lock\" > /dev/null\nif [ $? != 0 ] ; then\n    # print error to STDERR\n    echo \"error: The sandbox is not in sync with the Podfile.lock. Run 'pod install' or update your CocoaPods installation.\" >&2\n    exit 1\nfi\n# This output is used by Xcode 'outputs' to avoid re-running this script phase.\necho \"SUCCESS\" > \"${SCRIPT_OUTPUT_FILE_0}\"\n";
			showEnvVarsInLog = 0;
		};
		E6695062FB21AD1F8424D8DA /* [CP] Copy Pods Resources */ = {
			isa = PBXShellScriptBuildPhase;
			buildActionMask = 2147483647;
			files = (
			);
			inputPaths = (
			);
			name = "[CP] Copy Pods Resources";
			outputPaths = (
			);
			runOnlyForDeploymentPostprocessing = 0;
			shellPath = /bin/sh;
			shellScript = "\"${SRCROOT}/Pods/Target Support Files/Pods-EsperantaUITests/Pods-EsperantaUITests-resources.sh\"\n";
			showEnvVarsInLog = 0;
		};
		FBA34D3322EA75BDB4213E81 /* [CP] Copy Pods Resources */ = {
			isa = PBXShellScriptBuildPhase;
			buildActionMask = 2147483647;
			files = (
			);
			inputPaths = (
			);
			name = "[CP] Copy Pods Resources";
			outputPaths = (
			);
			runOnlyForDeploymentPostprocessing = 0;
			shellPath = /bin/sh;
			shellScript = "\"${SRCROOT}/Pods/Target Support Files/Pods-EsperantaTests/Pods-EsperantaTests-resources.sh\"\n";
			showEnvVarsInLog = 0;
		};
/* End PBXShellScriptBuildPhase section */

/* Begin PBXSourcesBuildPhase section */
		B2BA39471FAEDC8000B16362 /* Sources */ = {
			isa = PBXSourcesBuildPhase;
			buildActionMask = 2147483647;
			files = (
				B225D2F31FB0DA6A00A4BB47 /* LoginViewController.swift in Sources */,
				B225D2F41FB0DA6A00A4BB47 /* EmailVerifyViewController.swift in Sources */,
				B225D2F81FB0DB6A00A4BB47 /* UserManager.swift in Sources */,
				B2BA39841FAEF83D00B16362 /* SideViewController.swift in Sources */,
				B2D49E001FAF8C0A00C78B76 /* ChatViewController.swift in Sources */,
				B225D3001FB0E4E100A4BB47 /* PlacesViewController.swift in Sources */,
				B2BA39531FAEDC8000B16362 /* UserListViewController.swift in Sources */,
				B2BA39861FAF002A00B16362 /* MainTabBarController.swift in Sources */,
				B2BA39881FAF017500B16362 /* SideMenu.swift in Sources */,
				B225D2FA1FB0DB6A00A4BB47 /* FirebaseStorageManager.swift in Sources */,
				B2BA394F1FAEDC8000B16362 /* AppDelegate.swift in Sources */,
				B2D49DF31FAF7EF400C78B76 /* TypeAliesies.swift in Sources */,
				B2BA39511FAEDC8000B16362 /* ChatListViewController.swift in Sources */,
				B2D49DF61FAF7F6500C78B76 /* UIKit + Extensions.swift in Sources */,
				B225D2FC1FB0DBB500A4BB47 /* UserData.swift in Sources */,
				B225D2F91FB0DB6A00A4BB47 /* FirebaseDatabaseManager.swift in Sources */,
				B2BA39821FAEF76600B16362 /* MainWrapperViewController.swift in Sources */,
				B225D2F21FB0DA6A00A4BB47 /* LoginVC+Firebase.swift in Sources */,
			);
			runOnlyForDeploymentPostprocessing = 0;
		};
		B2BA395D1FAEDC8000B16362 /* Sources */ = {
			isa = PBXSourcesBuildPhase;
			buildActionMask = 2147483647;
			files = (
				B2BA39661FAEDC8000B16362 /* EsperantaTests.swift in Sources */,
			);
			runOnlyForDeploymentPostprocessing = 0;
		};
		B2BA39681FAEDC8000B16362 /* Sources */ = {
			isa = PBXSourcesBuildPhase;
			buildActionMask = 2147483647;
			files = (
				B2BA39711FAEDC8000B16362 /* EsperantaUITests.swift in Sources */,
			);
			runOnlyForDeploymentPostprocessing = 0;
		};
/* End PBXSourcesBuildPhase section */

/* Begin PBXTargetDependency section */
		B2BA39631FAEDC8000B16362 /* PBXTargetDependency */ = {
			isa = PBXTargetDependency;
			target = B2BA394A1FAEDC8000B16362 /* Esperanta */;
			targetProxy = B2BA39621FAEDC8000B16362 /* PBXContainerItemProxy */;
		};
		B2BA396E1FAEDC8000B16362 /* PBXTargetDependency */ = {
			isa = PBXTargetDependency;
			target = B2BA394A1FAEDC8000B16362 /* Esperanta */;
			targetProxy = B2BA396D1FAEDC8000B16362 /* PBXContainerItemProxy */;
		};
/* End PBXTargetDependency section */

/* Begin PBXVariantGroup section */
		B2BA39541FAEDC8000B16362 /* Main.storyboard */ = {
			isa = PBXVariantGroup;
			children = (
				B2BA39551FAEDC8000B16362 /* Base */,
			);
			name = Main.storyboard;
			sourceTree = "<group>";
		};
		B2BA39591FAEDC8000B16362 /* LaunchScreen.storyboard */ = {
			isa = PBXVariantGroup;
			children = (
				B2BA395A1FAEDC8000B16362 /* Base */,
			);
			name = LaunchScreen.storyboard;
			sourceTree = "<group>";
		};
/* End PBXVariantGroup section */

/* Begin XCBuildConfiguration section */
		B2BA39731FAEDC8000B16362 /* Debug */ = {
			isa = XCBuildConfiguration;
			buildSettings = {
				ALWAYS_SEARCH_USER_PATHS = NO;
				CLANG_ANALYZER_NONNULL = YES;
				CLANG_ANALYZER_NUMBER_OBJECT_CONVERSION = YES_AGGRESSIVE;
				CLANG_CXX_LANGUAGE_STANDARD = "gnu++14";
				CLANG_CXX_LIBRARY = "libc++";
				CLANG_ENABLE_MODULES = YES;
				CLANG_ENABLE_OBJC_ARC = YES;
				CLANG_WARN_BLOCK_CAPTURE_AUTORELEASING = YES;
				CLANG_WARN_BOOL_CONVERSION = YES;
				CLANG_WARN_COMMA = YES;
				CLANG_WARN_CONSTANT_CONVERSION = YES;
				CLANG_WARN_DIRECT_OBJC_ISA_USAGE = YES_ERROR;
				CLANG_WARN_DOCUMENTATION_COMMENTS = YES;
				CLANG_WARN_EMPTY_BODY = YES;
				CLANG_WARN_ENUM_CONVERSION = YES;
				CLANG_WARN_INFINITE_RECURSION = YES;
				CLANG_WARN_INT_CONVERSION = YES;
				CLANG_WARN_NON_LITERAL_NULL_CONVERSION = YES;
				CLANG_WARN_OBJC_LITERAL_CONVERSION = YES;
				CLANG_WARN_OBJC_ROOT_CLASS = YES_ERROR;
				CLANG_WARN_RANGE_LOOP_ANALYSIS = YES;
				CLANG_WARN_STRICT_PROTOTYPES = YES;
				CLANG_WARN_SUSPICIOUS_MOVE = YES;
				CLANG_WARN_UNGUARDED_AVAILABILITY = YES_AGGRESSIVE;
				CLANG_WARN_UNREACHABLE_CODE = YES;
				CLANG_WARN__DUPLICATE_METHOD_MATCH = YES;
				CODE_SIGN_IDENTITY = "iPhone Developer";
				COPY_PHASE_STRIP = NO;
				DEBUG_INFORMATION_FORMAT = dwarf;
				ENABLE_STRICT_OBJC_MSGSEND = YES;
				ENABLE_TESTABILITY = YES;
				GCC_C_LANGUAGE_STANDARD = gnu11;
				GCC_DYNAMIC_NO_PIC = NO;
				GCC_NO_COMMON_BLOCKS = YES;
				GCC_OPTIMIZATION_LEVEL = 0;
				GCC_PREPROCESSOR_DEFINITIONS = (
					"DEBUG=1",
					"$(inherited)",
				);
				GCC_WARN_64_TO_32_BIT_CONVERSION = YES;
				GCC_WARN_ABOUT_RETURN_TYPE = YES_ERROR;
				GCC_WARN_UNDECLARED_SELECTOR = YES;
				GCC_WARN_UNINITIALIZED_AUTOS = YES_AGGRESSIVE;
				GCC_WARN_UNUSED_FUNCTION = YES;
				GCC_WARN_UNUSED_VARIABLE = YES;
				IPHONEOS_DEPLOYMENT_TARGET = 11.1;
				MTL_ENABLE_DEBUG_INFO = YES;
				ONLY_ACTIVE_ARCH = YES;
				SDKROOT = iphoneos;
				SWIFT_ACTIVE_COMPILATION_CONDITIONS = DEBUG;
				SWIFT_OPTIMIZATION_LEVEL = "-Onone";
			};
			name = Debug;
		};
		B2BA39741FAEDC8000B16362 /* Release */ = {
			isa = XCBuildConfiguration;
			buildSettings = {
				ALWAYS_SEARCH_USER_PATHS = NO;
				CLANG_ANALYZER_NONNULL = YES;
				CLANG_ANALYZER_NUMBER_OBJECT_CONVERSION = YES_AGGRESSIVE;
				CLANG_CXX_LANGUAGE_STANDARD = "gnu++14";
				CLANG_CXX_LIBRARY = "libc++";
				CLANG_ENABLE_MODULES = YES;
				CLANG_ENABLE_OBJC_ARC = YES;
				CLANG_WARN_BLOCK_CAPTURE_AUTORELEASING = YES;
				CLANG_WARN_BOOL_CONVERSION = YES;
				CLANG_WARN_COMMA = YES;
				CLANG_WARN_CONSTANT_CONVERSION = YES;
				CLANG_WARN_DIRECT_OBJC_ISA_USAGE = YES_ERROR;
				CLANG_WARN_DOCUMENTATION_COMMENTS = YES;
				CLANG_WARN_EMPTY_BODY = YES;
				CLANG_WARN_ENUM_CONVERSION = YES;
				CLANG_WARN_INFINITE_RECURSION = YES;
				CLANG_WARN_INT_CONVERSION = YES;
				CLANG_WARN_NON_LITERAL_NULL_CONVERSION = YES;
				CLANG_WARN_OBJC_LITERAL_CONVERSION = YES;
				CLANG_WARN_OBJC_ROOT_CLASS = YES_ERROR;
				CLANG_WARN_RANGE_LOOP_ANALYSIS = YES;
				CLANG_WARN_STRICT_PROTOTYPES = YES;
				CLANG_WARN_SUSPICIOUS_MOVE = YES;
				CLANG_WARN_UNGUARDED_AVAILABILITY = YES_AGGRESSIVE;
				CLANG_WARN_UNREACHABLE_CODE = YES;
				CLANG_WARN__DUPLICATE_METHOD_MATCH = YES;
				CODE_SIGN_IDENTITY = "iPhone Developer";
				COPY_PHASE_STRIP = NO;
				DEBUG_INFORMATION_FORMAT = "dwarf-with-dsym";
				ENABLE_NS_ASSERTIONS = NO;
				ENABLE_STRICT_OBJC_MSGSEND = YES;
				GCC_C_LANGUAGE_STANDARD = gnu11;
				GCC_NO_COMMON_BLOCKS = YES;
				GCC_WARN_64_TO_32_BIT_CONVERSION = YES;
				GCC_WARN_ABOUT_RETURN_TYPE = YES_ERROR;
				GCC_WARN_UNDECLARED_SELECTOR = YES;
				GCC_WARN_UNINITIALIZED_AUTOS = YES_AGGRESSIVE;
				GCC_WARN_UNUSED_FUNCTION = YES;
				GCC_WARN_UNUSED_VARIABLE = YES;
				IPHONEOS_DEPLOYMENT_TARGET = 11.1;
				MTL_ENABLE_DEBUG_INFO = NO;
				SDKROOT = iphoneos;
				SWIFT_OPTIMIZATION_LEVEL = "-Owholemodule";
				VALIDATE_PRODUCT = YES;
			};
			name = Release;
		};
		B2BA39761FAEDC8000B16362 /* Debug */ = {
			isa = XCBuildConfiguration;
			baseConfigurationReference = F470559A85D8E0D803F9985A /* Pods-Esperanta.debug.xcconfig */;
			buildSettings = {
				ASSETCATALOG_COMPILER_APPICON_NAME = AppIcon;
				CODE_SIGN_STYLE = Automatic;
				DEVELOPMENT_TEAM = MBH24V7SXR;
				INFOPLIST_FILE = Esperanta/Info.plist;
				IPHONEOS_DEPLOYMENT_TARGET = 9.0;
				LD_RUNPATH_SEARCH_PATHS = "$(inherited) @executable_path/Frameworks";
				PRODUCT_BUNDLE_IDENTIFIER = com.esperanta.ios;
				PRODUCT_NAME = "$(TARGET_NAME)";
				SWIFT_OBJC_BRIDGING_HEADER = "Esperanta/Esperanta-Bridging-Header.h";
				SWIFT_PRECOMPILE_BRIDGING_HEADER = NO;
				SWIFT_VERSION = 4.0;
				TARGETED_DEVICE_FAMILY = "1,2";
			};
			name = Debug;
		};
		B2BA39771FAEDC8000B16362 /* Release */ = {
			isa = XCBuildConfiguration;
			baseConfigurationReference = 2FBFFA53513CE0D012460B60 /* Pods-Esperanta.release.xcconfig */;
			buildSettings = {
				ASSETCATALOG_COMPILER_APPICON_NAME = AppIcon;
				CODE_SIGN_STYLE = Automatic;
				DEVELOPMENT_TEAM = MBH24V7SXR;
				INFOPLIST_FILE = Esperanta/Info.plist;
				IPHONEOS_DEPLOYMENT_TARGET = 9.0;
				LD_RUNPATH_SEARCH_PATHS = "$(inherited) @executable_path/Frameworks";
				PRODUCT_BUNDLE_IDENTIFIER = com.esperanta.ios;
				PRODUCT_NAME = "$(TARGET_NAME)";
				SWIFT_OBJC_BRIDGING_HEADER = "Esperanta/Esperanta-Bridging-Header.h";
				SWIFT_PRECOMPILE_BRIDGING_HEADER = NO;
				SWIFT_VERSION = 4.0;
				TARGETED_DEVICE_FAMILY = "1,2";
			};
			name = Release;
		};
		B2BA39791FAEDC8000B16362 /* Debug */ = {
			isa = XCBuildConfiguration;
			baseConfigurationReference = 206720F146D357131994B08E /* Pods-EsperantaTests.debug.xcconfig */;
			buildSettings = {
				ALWAYS_EMBED_SWIFT_STANDARD_LIBRARIES = YES;
				BUNDLE_LOADER = "$(TEST_HOST)";
				CODE_SIGN_STYLE = Automatic;
				DEVELOPMENT_TEAM = F4KF659SS5;
				INFOPLIST_FILE = EsperantaTests/Info.plist;
				LD_RUNPATH_SEARCH_PATHS = "$(inherited) @executable_path/Frameworks @loader_path/Frameworks";
				PRODUCT_BUNDLE_IDENTIFIER = mesrop.EsperantaTests;
				PRODUCT_NAME = "$(TARGET_NAME)";
				SWIFT_VERSION = 4.0;
				TARGETED_DEVICE_FAMILY = "1,2";
				TEST_HOST = "$(BUILT_PRODUCTS_DIR)/Esperanta.app/Esperanta";
			};
			name = Debug;
		};
		B2BA397A1FAEDC8000B16362 /* Release */ = {
			isa = XCBuildConfiguration;
			baseConfigurationReference = 6D1F4405FE87C78271D3C0B7 /* Pods-EsperantaTests.release.xcconfig */;
			buildSettings = {
				ALWAYS_EMBED_SWIFT_STANDARD_LIBRARIES = YES;
				BUNDLE_LOADER = "$(TEST_HOST)";
				CODE_SIGN_STYLE = Automatic;
				DEVELOPMENT_TEAM = F4KF659SS5;
				INFOPLIST_FILE = EsperantaTests/Info.plist;
				LD_RUNPATH_SEARCH_PATHS = "$(inherited) @executable_path/Frameworks @loader_path/Frameworks";
				PRODUCT_BUNDLE_IDENTIFIER = mesrop.EsperantaTests;
				PRODUCT_NAME = "$(TARGET_NAME)";
				SWIFT_VERSION = 4.0;
				TARGETED_DEVICE_FAMILY = "1,2";
				TEST_HOST = "$(BUILT_PRODUCTS_DIR)/Esperanta.app/Esperanta";
			};
			name = Release;
		};
		B2BA397C1FAEDC8000B16362 /* Debug */ = {
			isa = XCBuildConfiguration;
			baseConfigurationReference = E306CEE96F8B1D092981154B /* Pods-EsperantaUITests.debug.xcconfig */;
			buildSettings = {
				ALWAYS_EMBED_SWIFT_STANDARD_LIBRARIES = YES;
				CODE_SIGN_STYLE = Automatic;
				DEVELOPMENT_TEAM = F4KF659SS5;
				INFOPLIST_FILE = EsperantaUITests/Info.plist;
				LD_RUNPATH_SEARCH_PATHS = "$(inherited) @executable_path/Frameworks @loader_path/Frameworks";
				PRODUCT_BUNDLE_IDENTIFIER = mesrop.EsperantaUITests;
				PRODUCT_NAME = "$(TARGET_NAME)";
				SWIFT_VERSION = 4.0;
				TARGETED_DEVICE_FAMILY = "1,2";
				TEST_TARGET_NAME = Esperanta;
			};
			name = Debug;
		};
		B2BA397D1FAEDC8000B16362 /* Release */ = {
			isa = XCBuildConfiguration;
			baseConfigurationReference = F1FACA0D3CE849F9365BCA81 /* Pods-EsperantaUITests.release.xcconfig */;
			buildSettings = {
				ALWAYS_EMBED_SWIFT_STANDARD_LIBRARIES = YES;
				CODE_SIGN_STYLE = Automatic;
				DEVELOPMENT_TEAM = F4KF659SS5;
				INFOPLIST_FILE = EsperantaUITests/Info.plist;
				LD_RUNPATH_SEARCH_PATHS = "$(inherited) @executable_path/Frameworks @loader_path/Frameworks";
				PRODUCT_BUNDLE_IDENTIFIER = mesrop.EsperantaUITests;
				PRODUCT_NAME = "$(TARGET_NAME)";
				SWIFT_VERSION = 4.0;
				TARGETED_DEVICE_FAMILY = "1,2";
				TEST_TARGET_NAME = Esperanta;
			};
			name = Release;
		};
/* End XCBuildConfiguration section */

/* Begin XCConfigurationList section */
		B2BA39461FAEDC8000B16362 /* Build configuration list for PBXProject "Esperanta" */ = {
			isa = XCConfigurationList;
			buildConfigurations = (
				B2BA39731FAEDC8000B16362 /* Debug */,
				B2BA39741FAEDC8000B16362 /* Release */,
			);
			defaultConfigurationIsVisible = 0;
			defaultConfigurationName = Release;
		};
		B2BA39751FAEDC8000B16362 /* Build configuration list for PBXNativeTarget "Esperanta" */ = {
			isa = XCConfigurationList;
			buildConfigurations = (
				B2BA39761FAEDC8000B16362 /* Debug */,
				B2BA39771FAEDC8000B16362 /* Release */,
			);
			defaultConfigurationIsVisible = 0;
			defaultConfigurationName = Release;
		};
		B2BA39781FAEDC8000B16362 /* Build configuration list for PBXNativeTarget "EsperantaTests" */ = {
			isa = XCConfigurationList;
			buildConfigurations = (
				B2BA39791FAEDC8000B16362 /* Debug */,
				B2BA397A1FAEDC8000B16362 /* Release */,
			);
			defaultConfigurationIsVisible = 0;
			defaultConfigurationName = Release;
		};
		B2BA397B1FAEDC8000B16362 /* Build configuration list for PBXNativeTarget "EsperantaUITests" */ = {
			isa = XCConfigurationList;
			buildConfigurations = (
				B2BA397C1FAEDC8000B16362 /* Debug */,
				B2BA397D1FAEDC8000B16362 /* Release */,
			);
			defaultConfigurationIsVisible = 0;
			defaultConfigurationName = Release;
		};
/* End XCConfigurationList section */
	};
	rootObject = B2BA39431FAEDC8000B16362 /* Project object */;
}
